
Microsoft Visual Studio Solution File, Format Version 12.00
# Visual Studio Version 16
VisualStudioVersion = 16.0.30320.27
MinimumVisualStudioVersion = 10.0.40219.1
Project("{FAE04EC0-301F-11D3-BF4B-00C04F79EFBC}") = "WebAPI", "WebAPI\WebAPI.csproj", "{831C05FD-32FE-49FF-9231-869B2B916333}"
EndProject
Global
	GlobalSection(SolutionConfigurationPlatforms) = preSolution
		Debug|Any CPU = Debug|Any CPU
		Release|Any CPU = Release|Any CPU
	EndGlobalSection
	GlobalSection(ProjectConfigurationPlatforms) = postSolution
		{831C05FD-32FE-49FF-9231-869B2B916333}.Debug|Any CPU.ActiveCfg = Debug|Any CPU
		{831C05FD-32FE-49FF-9231-869B2B916333}.Debug|Any CPU.Build.0 = Debug|Any CPU
		{831C05FD-32FE-49FF-9231-869B2B916333}.Release|Any CPU.ActiveCfg = Release|Any CPU
		{831C05FD-32FE-49FF-9231-869B2B916333}.Release|Any CPU.Build.0 = Release|Any CPU
	EndGlobalSection
	GlobalSection(SolutionProperties) = preSolution
		HideSolutionNode = FALSE
	EndGlobalSection
	GlobalSection(ExtensibilityGlobals) = postSolution
		SolutionGuid = {75C5B4FE-64B2-4134-9F46-524D990337EC}
	EndGlobalSection
EndGlobal
